
Microsoft Visual Studio Solution File, Format Version 12.00
# Visual Studio Version 17
VisualStudioVersion = 17.2.32519.379
MinimumVisualStudioVersion = 10.0.40219.1
Project("{2150E333-8FDC-42A3-9474-1A3956D46DE8}") = "src", "src", "{AF85AB0B-A902-47FE-8FD6-EB5F74D97197}"
EndProject
Project("{2150E333-8FDC-42A3-9474-1A3956D46DE8}") = "test", "test", "{288CED84-D8E9-41E9-A9EE-D19268A4C030}"
EndProject
Project("{9A19103F-16F7-4668-BE54-9A1E7A4F7556}") = "MicrosoftAzure.SecretManagement.Data", "src\MicrosoftAzure.SecretManagement.Data\MicrosoftAzure.SecretManagement.Data.csproj", "{684AB1B4-9B78-48BC-B6F1-CA2343F6B348}"
EndProject
Project("{9A19103F-16F7-4668-BE54-9A1E7A4F7556}") = "MicrosoftAzure.SecretManagement.API", "src\MicrosoftAzure.SecretManagement.API\MicrosoftAzure.SecretManagement.API.csproj", "{69BAB8CA-DB4E-4CB4-ABE5-7ABBA321EFA3}"
EndProject
Project("{FAE04EC0-301F-11D3-BF4B-00C04F79EFBC}") = "MicrosoftAzure.SecretManagement.Test", "test\MicrosoftAzure.SecretManagement.Test\MicrosoftAzure.SecretManagement.Test.csproj", "{16EA686A-8669-4ACA-8942-BEBDF7FC499E}"
EndProject
Global
	GlobalSection(SolutionConfigurationPlatforms) = preSolution
		Debug|Any CPU = Debug|Any CPU
		Release|Any CPU = Release|Any CPU
	EndGlobalSection
	GlobalSection(ProjectConfigurationPlatforms) = postSolution
		{684AB1B4-9B78-48BC-B6F1-CA2343F6B348}.Debug|Any CPU.ActiveCfg = Debug|Any CPU
		{684AB1B4-9B78-48BC-B6F1-CA2343F6B348}.Debug|Any CPU.Build.0 = Debug|Any CPU
		{684AB1B4-9B78-48BC-B6F1-CA2343F6B348}.Release|Any CPU.ActiveCfg = Release|Any CPU
		{684AB1B4-9B78-48BC-B6F1-CA2343F6B348}.Release|Any CPU.Build.0 = Release|Any CPU
		{69BAB8CA-DB4E-4CB4-ABE5-7ABBA321EFA3}.Debug|Any CPU.ActiveCfg = Debug|Any CPU
		{69BAB8CA-DB4E-4CB4-ABE5-7ABBA321EFA3}.Debug|Any CPU.Build.0 = Debug|Any CPU
		{69BAB8CA-DB4E-4CB4-ABE5-7ABBA321EFA3}.Release|Any CPU.ActiveCfg = Release|Any CPU
		{69BAB8CA-DB4E-4CB4-ABE5-7ABBA321EFA3}.Release|Any CPU.Build.0 = Release|Any CPU
		{16EA686A-8669-4ACA-8942-BEBDF7FC499E}.Debug|Any CPU.ActiveCfg = Debug|Any CPU
		{16EA686A-8669-4ACA-8942-BEBDF7FC499E}.Debug|Any CPU.Build.0 = Debug|Any CPU
		{16EA686A-8669-4ACA-8942-BEBDF7FC499E}.Release|Any CPU.ActiveCfg = Release|Any CPU
		{16EA686A-8669-4ACA-8942-BEBDF7FC499E}.Release|Any CPU.Build.0 = Release|Any CPU
	EndGlobalSection
	GlobalSection(SolutionProperties) = preSolution
		HideSolutionNode = FALSE
	EndGlobalSection
	GlobalSection(NestedProjects) = preSolution
		{684AB1B4-9B78-48BC-B6F1-CA2343F6B348} = {AF85AB0B-A902-47FE-8FD6-EB5F74D97197}
		{69BAB8CA-DB4E-4CB4-ABE5-7ABBA321EFA3} = {AF85AB0B-A902-47FE-8FD6-EB5F74D97197}
		{16EA686A-8669-4ACA-8942-BEBDF7FC499E} = {288CED84-D8E9-41E9-A9EE-D19268A4C030}
	EndGlobalSection
	GlobalSection(ExtensibilityGlobals) = postSolution
		SolutionGuid = {71F07F37-D0F3-452C-9800-FA4D93FA2C57}
	EndGlobalSection
EndGlobal
